// !$*UTF8*$!
{
	archiveVersion = 1;
	classes = {
	};
	objectVersion = 46;
	objects = {

/* Begin PBXBuildFile section */
		8302516613E4E23D00FF6701 /* Cocoa.framework in Frameworks */ = {isa = PBXBuildFile; fileRef = 8302516513E4E23D00FF6701 /* Cocoa.framework */; };
		8302517013E4E23D00FF6701 /* InfoPlist.strings in Resources */ = {isa = PBXBuildFile; fileRef = 8302516E13E4E23D00FF6701 /* InfoPlist.strings */; };
		8302517913E4E25700FF6701 /* QLabCurrentCue.m in Sources */ = {isa = PBXBuildFile; fileRef = 8302517813E4E25700FF6701 /* QLabCurrentCue.m */; };
		830251A513E4E4C400FF6701 /* QLabCurrentCue.bundle in CopyFiles */ = {isa = PBXBuildFile; fileRef = 8302516213E4E23D00FF6701 /* QLabCurrentCue.bundle */; };
/* End PBXBuildFile section */

/* Begin PBXCopyFilesBuildPhase section */
		830251A413E4E4B900FF6701 /* CopyFiles */ = {
			isa = PBXCopyFilesBuildPhase;
			buildActionMask = 2147483647;
			dstPath = "~/Library/Application Support/SIMBL/Plugins";
			dstSubfolderSpec = 0;
			files = (
				830251A513E4E4C400FF6701 /* QLabCurrentCue.bundle in CopyFiles */,
			);
			runOnlyForDeploymentPostprocessing = 0;
		};
/* End PBXCopyFilesBuildPhase section */

/* Begin PBXFileReference section */
		8302516213E4E23D00FF6701 /* QLabCurrentCue.bundle */ = {isa = PBXFileReference; explicitFileType = wrapper.cfbundle; includeInIndex = 0; path = QLabCurrentCue.bundle; sourceTree = BUILT_PRODUCTS_DIR; };
		8302516513E4E23D00FF6701 /* Cocoa.framework */ = {isa = PBXFileReference; lastKnownFileType = wrapper.framework; name = Cocoa.framework; path = System/Library/Frameworks/Cocoa.framework; sourceTree = SDKROOT; };
		8302516813E4E23D00FF6701 /* AppKit.framework */ = {isa = PBXFileReference; lastKnownFileType = wrapper.framework; name = AppKit.framework; path = System/Library/Frameworks/AppKit.framework; sourceTree = SDKROOT; };
		8302516913E4E23D00FF6701 /* CoreData.framework */ = {isa = PBXFileReference; lastKnownFileType = wrapper.framework; name = CoreData.framework; path = System/Library/Frameworks/CoreData.framework; sourceTree = SDKROOT; };
		8302516A13E4E23D00FF6701 /* Foundation.framework */ = {isa = PBXFileReference; lastKnownFileType = wrapper.framework; name = Foundation.framework; path = System/Library/Frameworks/Foundation.framework; sourceTree = SDKROOT; };
		8302516D13E4E23D00FF6701 /* QLabCurrentCue-Info.plist */ = {isa = PBXFileReference; lastKnownFileType = text.plist.xml; path = "QLabCurrentCue-Info.plist"; sourceTree = "<group>"; };
		8302516F13E4E23D00FF6701 /* en */ = {isa = PBXFileReference; lastKnownFileType = text.plist.strings; name = en; path = en.lproj/InfoPlist.strings; sourceTree = "<group>"; };
		8302517113E4E23D00FF6701 /* QLabCurrentCue-Prefix.pch */ = {isa = PBXFileReference; lastKnownFileType = sourcecode.c.h; path = "QLabCurrentCue-Prefix.pch"; sourceTree = "<group>"; };
		8302517713E4E25700FF6701 /* QLabCurrentCue.h */ = {isa = PBXFileReference; fileEncoding = 4; lastKnownFileType = sourcecode.c.h; path = QLabCurrentCue.h; sourceTree = "<group>"; };
		8302517813E4E25700FF6701 /* QLabCurrentCue.m */ = {isa = PBXFileReference; fileEncoding = 4; lastKnownFileType = sourcecode.c.objc; path = QLabCurrentCue.m; sourceTree = "<group>"; };
/* End PBXFileReference section */

/* Begin PBXFrameworksBuildPhase section */
		8302515F13E4E23D00FF6701 /* Frameworks */ = {
			isa = PBXFrameworksBuildPhase;
			buildActionMask = 2147483647;
			files = (
				8302516613E4E23D00FF6701 /* Cocoa.framework in Frameworks */,
			);
			runOnlyForDeploymentPostprocessing = 0;
		};
/* End PBXFrameworksBuildPhase section */

/* Begin PBXGroup section */
		8302515713E4E23C00FF6701 = {
			isa = PBXGroup;
			children = (
				8302516B13E4E23D00FF6701 /* QLabCurrentCue */,
				8302516413E4E23D00FF6701 /* Frameworks */,
				8302516313E4E23D00FF6701 /* Products */,
			);
			sourceTree = "<group>";
		};
		8302516313E4E23D00FF6701 /* Products */ = {
			isa = PBXGroup;
			children = (
				8302516213E4E23D00FF6701 /* QLabCurrentCue.bundle */,
			);
			name = Products;
			sourceTree = "<group>";
		};
		8302516413E4E23D00FF6701 /* Frameworks */ = {
			isa = PBXGroup;
			children = (
				8302516513E4E23D00FF6701 /* Cocoa.framework */,
				8302516713E4E23D00FF6701 /* Other Frameworks */,
			);
			name = Frameworks;
			sourceTree = "<group>";
		};
		8302516713E4E23D00FF6701 /* Other Frameworks */ = {
			isa = PBXGroup;
			children = (
				8302516813E4E23D00FF6701 /* AppKit.framework */,
				8302516913E4E23D00FF6701 /* CoreData.framework */,
				8302516A13E4E23D00FF6701 /* Foundation.framework */,
			);
			name = "Other Frameworks";
			sourceTree = "<group>";
		};
		8302516B13E4E23D00FF6701 /* QLabCurrentCue */ = {
			isa = PBXGroup;
			children = (
				8302516C13E4E23D00FF6701 /* Supporting Files */,
				8302517713E4E25700FF6701 /* QLabCurrentCue.h */,
				8302517813E4E25700FF6701 /* QLabCurrentCue.m */,
			);
			path = QLabCurrentCue;
			sourceTree = "<group>";
		};
		8302516C13E4E23D00FF6701 /* Supporting Files */ = {
			isa = PBXGroup;
			children = (
				8302516D13E4E23D00FF6701 /* QLabCurrentCue-Info.plist */,
				8302516E13E4E23D00FF6701 /* InfoPlist.strings */,
				8302517113E4E23D00FF6701 /* QLabCurrentCue-Prefix.pch */,
			);
			name = "Supporting Files";
			sourceTree = "<group>";
		};
/* End PBXGroup section */

/* Begin PBXNativeTarget section */
		8302516113E4E23D00FF6701 /* QLabCurrentCue */ = {
			isa = PBXNativeTarget;
			buildConfigurationList = 8302517413E4E23D00FF6701 /* Build configuration list for PBXNativeTarget "QLabCurrentCue" */;
			buildPhases = (
				8302515E13E4E23D00FF6701 /* Sources */,
				8302515F13E4E23D00FF6701 /* Frameworks */,
				8302516013E4E23D00FF6701 /* Resources */,
				830251A413E4E4B900FF6701 /* CopyFiles */,
			);
			buildRules = (
			);
			dependencies = (
			);
			name = QLabCurrentCue;
			productName = QLabCurrentCue;
			productReference = 8302516213E4E23D00FF6701 /* QLabCurrentCue.bundle */;
			productType = "com.apple.product-type.bundle";
		};
/* End PBXNativeTarget section */

/* Begin PBXProject section */
		8302515913E4E23C00FF6701 /* Project object */ = {
			isa = PBXProject;
			buildConfigurationList = 8302515C13E4E23C00FF6701 /* Build configuration list for PBXProject "QLabCurrentCue" */;
			compatibilityVersion = "Xcode 3.2";
			developmentRegion = English;
			hasScannedForEncodings = 0;
			knownRegions = (
				en,
			);
			mainGroup = 8302515713E4E23C00FF6701;
			productRefGroup = 8302516313E4E23D00FF6701 /* Products */;
			projectDirPath = "";
			projectRoot = "";
			targets = (
				8302516113E4E23D00FF6701 /* QLabCurrentCue */,
			);
		};
/* End PBXProject section */

/* Begin PBXResourcesBuildPhase section */
		8302516013E4E23D00FF6701 /* Resources */ = {
			isa = PBXResourcesBuildPhase;
			buildActionMask = 2147483647;
			files = (
				8302517013E4E23D00FF6701 /* InfoPlist.strings in Resources */,
			);
			runOnlyForDeploymentPostprocessing = 0;
		};
/* End PBXResourcesBuildPhase section */

/* Begin PBXSourcesBuildPhase section */
		8302515E13E4E23D00FF6701 /* Sources */ = {
			isa = PBXSourcesBuildPhase;
			buildActionMask = 2147483647;
			files = (
				8302517913E4E25700FF6701 /* QLabCurrentCue.m in Sources */,
			);
			runOnlyForDeploymentPostprocessing = 0;
		};
/* End PBXSourcesBuildPhase section */

/* Begin PBXVariantGroup section */
		8302516E13E4E23D00FF6701 /* InfoPlist.strings */ = {
			isa = PBXVariantGroup;
			children = (
				8302516F13E4E23D00FF6701 /* en */,
			);
			name = InfoPlist.strings;
			sourceTree = "<group>";
		};
/* End PBXVariantGroup section */

/* Begin XCBuildConfiguration section */
		8302517213E4E23D00FF6701 /* Debug */ = {
			isa = XCBuildConfiguration;
			buildSettings = {
				ALWAYS_SEARCH_USER_PATHS = NO;
				ARCHS = "$(ARCHS_STANDARD_64_BIT)";
				COPY_PHASE_STRIP = NO;
				GCC_C_LANGUAGE_STANDARD = gnu99;
				GCC_DYNAMIC_NO_PIC = NO;
				GCC_ENABLE_OBJC_EXCEPTIONS = YES;
				GCC_OPTIMIZATION_LEVEL = 0;
				GCC_PREPROCESSOR_DEFINITIONS = (
					"DEBUG=1",
					"$(inherited)",
				);
				GCC_SYMBOLS_PRIVATE_EXTERN = NO;
				GCC_VERSION = com.apple.compilers.llvm.clang.1_0;
				GCC_WARN_64_TO_32_BIT_CONVERSION = YES;
				GCC_WARN_ABOUT_MISSING_PROTOTYPES = YES;
				GCC_WARN_ABOUT_RETURN_TYPE = YES;
				GCC_WARN_UNUSED_VARIABLE = YES;
				MACOSX_DEPLOYMENT_TARGET = 10.7;
				ONLY_ACTIVE_ARCH = YES;
				SDKROOT = macosx;
			};
			name = Debug;
		};
		8302517313E4E23D00FF6701 /* Release */ = {
			isa = XCBuildConfiguration;
			buildSettings = {
				ALWAYS_SEARCH_USER_PATHS = NO;
				ARCHS = "$(ARCHS_STANDARD_64_BIT)";
				COPY_PHASE_STRIP = YES;
				DEBUG_INFORMATION_FORMAT = "dwarf-with-dsym";
				GCC_C_LANGUAGE_STANDARD = gnu99;
				GCC_ENABLE_OBJC_EXCEPTIONS = YES;
				GCC_VERSION = com.apple.compilers.llvm.clang.1_0;
				GCC_WARN_64_TO_32_BIT_CONVERSION = YES;
				GCC_WARN_ABOUT_MISSING_PROTOTYPES = YES;
				GCC_WARN_ABOUT_RETURN_TYPE = YES;
				GCC_WARN_UNUSED_VARIABLE = YES;
				MACOSX_DEPLOYMENT_TARGET = 10.7;
				SDKROOT = macosx;
			};
			name = Release;
		};
		8302517513E4E23D00FF6701 /* Debug */ = {
			isa = XCBuildConfiguration;
			buildSettings = {
				ARCHS = "$(ARCHS_STANDARD_32_BIT)";
				GCC_PRECOMPILE_PREFIX_HEADER = YES;
				GCC_PREFIX_HEADER = "QLabCurrentCue/QLabCurrentCue-Prefix.pch";
				INFOPLIST_FILE = "QLabCurrentCue/QLabCurrentCue-Info.plist";
				INSTALL_PATH = "$(LOCAL_LIBRARY_DIR)/Bundles";
				PRODUCT_NAME = "$(TARGET_NAME)";
				WRAPPER_EXTENSION = bundle;
			};
			name = Debug;
		};
		8302517613E4E23D00FF6701 /* Release */ = {
			isa = XCBuildConfiguration;
			buildSettings = {
				ARCHS = "$(ARCHS_STANDARD_32_BIT)";
				GCC_PRECOMPILE_PREFIX_HEADER = YES;
				GCC_PREFIX_HEADER = "QLabCurrentCue/QLabCurrentCue-Prefix.pch";
				INFOPLIST_FILE = "QLabCurrentCue/QLabCurrentCue-Info.plist";
				INSTALL_PATH = "$(LOCAL_LIBRARY_DIR)/Bundles";
				PRODUCT_NAME = "$(TARGET_NAME)";
				WRAPPER_EXTENSION = bundle;
			};
			name = Release;
		};
/* End XCBuildConfiguration section */

/* Begin XCConfigurationList section */
		8302515C13E4E23C00FF6701 /* Build configuration list for PBXProject "QLabCurrentCue" */ = {
			isa = XCConfigurationList;
			buildConfigurations = (
				8302517213E4E23D00FF6701 /* Debug */,
				8302517313E4E23D00FF6701 /* Release */,
			);
			defaultConfigurationIsVisible = 0;
			defaultConfigurationName = Release;
		};
		8302517413E4E23D00FF6701 /* Build configuration list for PBXNativeTarget "QLabCurrentCue" */ = {
			isa = XCConfigurationList;
			buildConfigurations = (
				8302517513E4E23D00FF6701 /* Debug */,
				8302517613E4E23D00FF6701 /* Release */,
			);
			defaultConfigurationIsVisible = 0;
		};
/* End XCConfigurationList section */
	};
	rootObject = 8302515913E4E23C00FF6701 /* Project object */;
}
